
Microsoft Visual Studio Solution File, Format Version 12.00
# Visual Studio 15
VisualStudioVersion = 15.0.28010.2048
MinimumVisualStudioVersion = 10.0.40219.1
Project("{FAE04EC0-301F-11D3-BF4B-00C04F79EFBC}") = "WebApplicationCostillasDeJesus2.0", "WebApplicationCostillasDeJesus2.0\WebApplicationCostillasDeJesus2.0.csproj", "{00814372-E151-4D30-AA6C-6CB97C158BF2}"
EndProject
Global
	GlobalSection(SolutionConfigurationPlatforms) = preSolution
		Debug|Any CPU = Debug|Any CPU
		Release|Any CPU = Release|Any CPU
	EndGlobalSection
	GlobalSection(ProjectConfigurationPlatforms) = postSolution
		{00814372-E151-4D30-AA6C-6CB97C158BF2}.Debug|Any CPU.ActiveCfg = Debug|Any CPU
		{00814372-E151-4D30-AA6C-6CB97C158BF2}.Debug|Any CPU.Build.0 = Debug|Any CPU
		{00814372-E151-4D30-AA6C-6CB97C158BF2}.Release|Any CPU.ActiveCfg = Release|Any CPU
		{00814372-E151-4D30-AA6C-6CB97C158BF2}.Release|Any CPU.Build.0 = Release|Any CPU
	EndGlobalSection
	GlobalSection(SolutionProperties) = preSolution
		HideSolutionNode = FALSE
	EndGlobalSection
	GlobalSection(ExtensibilityGlobals) = postSolution
		SolutionGuid = {1B812096-68EC-4EDB-993C-1B9064A52C7F}
	EndGlobalSection
EndGlobal
