
Microsoft Visual Studio Solution File, Format Version 12.00
# Visual Studio 15
VisualStudioVersion = 15.0.28010.2048
MinimumVisualStudioVersion = 10.0.40219.1
Project("{FAE04EC0-301F-11D3-BF4B-00C04F79EFBC}") = "WebApplicationCostillasDeJesus2.0", "WebApplicationCostillasDeJesus2.0\WebApplicationCostillasDeJesus2.0.csproj", "{00814372-E151-4D30-AA6C-6CB97C158BF2}"
EndProject
Project("{FAE04EC0-301F-11D3-BF4B-00C04F79EFBC}") = "BLL", "BLL\BLL.csproj", "{4F37E6A3-55E3-49FE-9261-860EDE0740DC}"
EndProject
Project("{FAE04EC0-301F-11D3-BF4B-00C04F79EFBC}") = "DAL", "DAL\DAL.csproj", "{0CDFDD5F-265E-44C4-9EB9-3A88D147FB18}"
EndProject
Project("{FAE04EC0-301F-11D3-BF4B-00C04F79EFBC}") = "Entities", "Entities\Entities.csproj", "{2C6B1D29-DFBF-42E0-9622-DCB9A8E07061}"
EndProject
Global
	GlobalSection(SolutionConfigurationPlatforms) = preSolution
		Debug|Any CPU = Debug|Any CPU
		Release|Any CPU = Release|Any CPU
	EndGlobalSection
	GlobalSection(ProjectConfigurationPlatforms) = postSolution
		{00814372-E151-4D30-AA6C-6CB97C158BF2}.Debug|Any CPU.ActiveCfg = Debug|Any CPU
		{00814372-E151-4D30-AA6C-6CB97C158BF2}.Debug|Any CPU.Build.0 = Debug|Any CPU
		{00814372-E151-4D30-AA6C-6CB97C158BF2}.Release|Any CPU.ActiveCfg = Release|Any CPU
		{00814372-E151-4D30-AA6C-6CB97C158BF2}.Release|Any CPU.Build.0 = Release|Any CPU
		{4F37E6A3-55E3-49FE-9261-860EDE0740DC}.Debug|Any CPU.ActiveCfg = Debug|Any CPU
		{4F37E6A3-55E3-49FE-9261-860EDE0740DC}.Debug|Any CPU.Build.0 = Debug|Any CPU
		{4F37E6A3-55E3-49FE-9261-860EDE0740DC}.Release|Any CPU.ActiveCfg = Release|Any CPU
		{4F37E6A3-55E3-49FE-9261-860EDE0740DC}.Release|Any CPU.Build.0 = Release|Any CPU
		{0CDFDD5F-265E-44C4-9EB9-3A88D147FB18}.Debug|Any CPU.ActiveCfg = Debug|Any CPU
		{0CDFDD5F-265E-44C4-9EB9-3A88D147FB18}.Debug|Any CPU.Build.0 = Debug|Any CPU
		{0CDFDD5F-265E-44C4-9EB9-3A88D147FB18}.Release|Any CPU.ActiveCfg = Release|Any CPU
		{0CDFDD5F-265E-44C4-9EB9-3A88D147FB18}.Release|Any CPU.Build.0 = Release|Any CPU
		{2C6B1D29-DFBF-42E0-9622-DCB9A8E07061}.Debug|Any CPU.ActiveCfg = Debug|Any CPU
		{2C6B1D29-DFBF-42E0-9622-DCB9A8E07061}.Debug|Any CPU.Build.0 = Debug|Any CPU
		{2C6B1D29-DFBF-42E0-9622-DCB9A8E07061}.Release|Any CPU.ActiveCfg = Release|Any CPU
		{2C6B1D29-DFBF-42E0-9622-DCB9A8E07061}.Release|Any CPU.Build.0 = Release|Any CPU
	EndGlobalSection
	GlobalSection(SolutionProperties) = preSolution
		HideSolutionNode = FALSE
	EndGlobalSection
	GlobalSection(ExtensibilityGlobals) = postSolution
		SolutionGuid = {1B812096-68EC-4EDB-993C-1B9064A52C7F}
	EndGlobalSection
EndGlobal
